
Microsoft Visual Studio Solution File, Format Version 12.00
# Visual Studio Version 16
VisualStudioVersion = 16.0.28922.388
MinimumVisualStudioVersion = 10.0.40219.1
Project("{FAE04EC0-301F-11D3-BF4B-00C04F79EFBC}") = "_01_打开数据库", "_01_打开数据库\_01_打开数据库.csproj", "{BA1E3530-6E13-49BF-83DE-A0FB7DCCC132}"
EndProject
Project("{FAE04EC0-301F-11D3-BF4B-00C04F79EFBC}") = "_02_SqlCommand操作数据库", "_02_SqlCommand操作数据库\_02_SqlCommand操作数据库.csproj", "{7E839728-B3E4-4F25-88B9-479148CA4016}"
EndProject
Project("{FAE04EC0-301F-11D3-BF4B-00C04F79EFBC}") = "_03_ConnectionPool连接池", "_03_ConnectionPool连接池\_03_ConnectionPool连接池.csproj", "{80F32CF6-5B96-4928-99F3-9C08D3BF9D34}"
EndProject
Project("{FAE04EC0-301F-11D3-BF4B-00C04F79EFBC}") = "_04_生成连接字符串", "_04_生成连接字符串\_04_生成连接字符串.csproj", "{181A688F-B287-4661-9A21-DA4EB7CC0D1B}"
EndProject
Project("{FAE04EC0-301F-11D3-BF4B-00C04F79EFBC}") = "_05_登录（数据库完成校验）", "_05_登录（数据库完成校验）\_05_登录（数据库完成校验）.csproj", "{0B283085-99BB-4385-9242-27B4D2C156ED}"
EndProject
Project("{FAE04EC0-301F-11D3-BF4B-00C04F79EFBC}") = "_06_字符串填坑", "_06_字符串填坑\_06_字符串填坑.csproj", "{8ED4E711-E0FC-48E2-887C-CA8EEEC49512}"
EndProject
Project("{FAE04EC0-301F-11D3-BF4B-00C04F79EFBC}") = "_07_配置文件", "_07_配置文件\_07_配置文件.csproj", "{6973CD85-21F4-4920-BC05-D0986D17D4DB}"
EndProject
Project("{FAE04EC0-301F-11D3-BF4B-00C04F79EFBC}") = "_08_数据的导入导出", "_08_数据的导入导出\_08_数据的导入导出.csproj", "{B31C82C1-A464-45D2-9B8D-C4ECEB3B6FC3}"
EndProject
Global
	GlobalSection(SolutionConfigurationPlatforms) = preSolution
		Debug|Any CPU = Debug|Any CPU
		Release|Any CPU = Release|Any CPU
	EndGlobalSection
	GlobalSection(ProjectConfigurationPlatforms) = postSolution
		{BA1E3530-6E13-49BF-83DE-A0FB7DCCC132}.Debug|Any CPU.ActiveCfg = Debug|Any CPU
		{BA1E3530-6E13-49BF-83DE-A0FB7DCCC132}.Debug|Any CPU.Build.0 = Debug|Any CPU
		{BA1E3530-6E13-49BF-83DE-A0FB7DCCC132}.Release|Any CPU.ActiveCfg = Release|Any CPU
		{BA1E3530-6E13-49BF-83DE-A0FB7DCCC132}.Release|Any CPU.Build.0 = Release|Any CPU
		{7E839728-B3E4-4F25-88B9-479148CA4016}.Debug|Any CPU.ActiveCfg = Debug|Any CPU
		{7E839728-B3E4-4F25-88B9-479148CA4016}.Debug|Any CPU.Build.0 = Debug|Any CPU
		{7E839728-B3E4-4F25-88B9-479148CA4016}.Release|Any CPU.ActiveCfg = Release|Any CPU
		{7E839728-B3E4-4F25-88B9-479148CA4016}.Release|Any CPU.Build.0 = Release|Any CPU
		{80F32CF6-5B96-4928-99F3-9C08D3BF9D34}.Debug|Any CPU.ActiveCfg = Debug|Any CPU
		{80F32CF6-5B96-4928-99F3-9C08D3BF9D34}.Debug|Any CPU.Build.0 = Debug|Any CPU
		{80F32CF6-5B96-4928-99F3-9C08D3BF9D34}.Release|Any CPU.ActiveCfg = Release|Any CPU
		{80F32CF6-5B96-4928-99F3-9C08D3BF9D34}.Release|Any CPU.Build.0 = Release|Any CPU
		{181A688F-B287-4661-9A21-DA4EB7CC0D1B}.Debug|Any CPU.ActiveCfg = Debug|Any CPU
		{181A688F-B287-4661-9A21-DA4EB7CC0D1B}.Debug|Any CPU.Build.0 = Debug|Any CPU
		{181A688F-B287-4661-9A21-DA4EB7CC0D1B}.Release|Any CPU.ActiveCfg = Release|Any CPU
		{181A688F-B287-4661-9A21-DA4EB7CC0D1B}.Release|Any CPU.Build.0 = Release|Any CPU
		{0B283085-99BB-4385-9242-27B4D2C156ED}.Debug|Any CPU.ActiveCfg = Debug|Any CPU
		{0B283085-99BB-4385-9242-27B4D2C156ED}.Debug|Any CPU.Build.0 = Debug|Any CPU
		{0B283085-99BB-4385-9242-27B4D2C156ED}.Release|Any CPU.ActiveCfg = Release|Any CPU
		{0B283085-99BB-4385-9242-27B4D2C156ED}.Release|Any CPU.Build.0 = Release|Any CPU
		{8ED4E711-E0FC-48E2-887C-CA8EEEC49512}.Debug|Any CPU.ActiveCfg = Debug|Any CPU
		{8ED4E711-E0FC-48E2-887C-CA8EEEC49512}.Debug|Any CPU.Build.0 = Debug|Any CPU
		{8ED4E711-E0FC-48E2-887C-CA8EEEC49512}.Release|Any CPU.ActiveCfg = Release|Any CPU
		{8ED4E711-E0FC-48E2-887C-CA8EEEC49512}.Release|Any CPU.Build.0 = Release|Any CPU
		{6973CD85-21F4-4920-BC05-D0986D17D4DB}.Debug|Any CPU.ActiveCfg = Debug|Any CPU
		{6973CD85-21F4-4920-BC05-D0986D17D4DB}.Debug|Any CPU.Build.0 = Debug|Any CPU
		{6973CD85-21F4-4920-BC05-D0986D17D4DB}.Release|Any CPU.ActiveCfg = Release|Any CPU
		{6973CD85-21F4-4920-BC05-D0986D17D4DB}.Release|Any CPU.Build.0 = Release|Any CPU
		{B31C82C1-A464-45D2-9B8D-C4ECEB3B6FC3}.Debug|Any CPU.ActiveCfg = Debug|Any CPU
		{B31C82C1-A464-45D2-9B8D-C4ECEB3B6FC3}.Debug|Any CPU.Build.0 = Debug|Any CPU
		{B31C82C1-A464-45D2-9B8D-C4ECEB3B6FC3}.Release|Any CPU.ActiveCfg = Release|Any CPU
		{B31C82C1-A464-45D2-9B8D-C4ECEB3B6FC3}.Release|Any CPU.Build.0 = Release|Any CPU
	EndGlobalSection
	GlobalSection(SolutionProperties) = preSolution
		HideSolutionNode = FALSE
	EndGlobalSection
	GlobalSection(ExtensibilityGlobals) = postSolution
		SolutionGuid = {130EF82D-3A51-43ED-A107-DED4A7F64C50}
	EndGlobalSection
EndGlobal
